
Microsoft Visual Studio Solution File, Format Version 12.00
# Visual Studio 14
VisualStudioVersion = 14.0.25420.1
MinimumVisualStudioVersion = 10.0.40219.1
Project("{FAE04EC0-301F-11D3-BF4B-00C04F79EFBC}") = "WebPokerSimulation", "WebPokerSimulation\WebPokerSimulation.csproj", "{B9017610-44C8-47D3-9D9F-28BA9FEDB137}"
	ProjectSection(ProjectDependencies) = postProject
		{76E1AF2B-AE70-4904-94CD-233E6AF07255} = {76E1AF2B-AE70-4904-94CD-233E6AF07255}
	EndProjectSection
EndProject
Project("{FAE04EC0-301F-11D3-BF4B-00C04F79EFBC}") = "PokerSimulation.Test", "PokerSimulation.Test\PokerSimulation.Test.csproj", "{2F1F19B8-202C-4901-9386-BA8B23DC12B9}"
EndProject
Project("{FAE04EC0-301F-11D3-BF4B-00C04F79EFBC}") = "PokerSimulation.Core", "PokerSimulation.Core\PokerSimulation.Core.csproj", "{76E1AF2B-AE70-4904-94CD-233E6AF07255}"
EndProject
Project("{FAE04EC0-301F-11D3-BF4B-00C04F79EFBC}") = "PokerSimulation.Infrastructure", "PokerSimulation.Infrastructure\PokerSimulation.Infrastructure.csproj", "{42EE5EB6-55CB-49F0-97D0-D928F7E3CAFD}"
EndProject
Project("{FAE04EC0-301F-11D3-BF4B-00C04F79EFBC}") = "PokerSimulation.Algorithms", "PokerSimulation.Algorithms\PokerSimulation.Algorithms.csproj", "{6A7548A8-D9BE-4400-87ED-85F3E05377DF}"
EndProject
Project("{FAE04EC0-301F-11D3-BF4B-00C04F79EFBC}") = "PokerSimulation.TrainingConsole", "PokerSimulation.TrainingConsole\PokerSimulation.TrainingConsole.csproj", "{E4CE5CA0-9169-48EF-BB51-435861F8E884}"
EndProject
Project("{FAE04EC0-301F-11D3-BF4B-00C04F79EFBC}") = "PokerSimulation.Game", "PokerSimulation.Game\PokerSimulation.Game.csproj", "{3C823343-7383-4ACC-B93A-432590655F9B}"
EndProject
Global
	GlobalSection(SolutionConfigurationPlatforms) = preSolution
		Debug|Any CPU = Debug|Any CPU
		Release|Any CPU = Release|Any CPU
	EndGlobalSection
	GlobalSection(ProjectConfigurationPlatforms) = postSolution
		{B9017610-44C8-47D3-9D9F-28BA9FEDB137}.Debug|Any CPU.ActiveCfg = Debug|Any CPU
		{B9017610-44C8-47D3-9D9F-28BA9FEDB137}.Debug|Any CPU.Build.0 = Debug|Any CPU
		{B9017610-44C8-47D3-9D9F-28BA9FEDB137}.Release|Any CPU.ActiveCfg = Release|Any CPU
		{B9017610-44C8-47D3-9D9F-28BA9FEDB137}.Release|Any CPU.Build.0 = Release|Any CPU
		{2F1F19B8-202C-4901-9386-BA8B23DC12B9}.Debug|Any CPU.ActiveCfg = Debug|Any CPU
		{2F1F19B8-202C-4901-9386-BA8B23DC12B9}.Debug|Any CPU.Build.0 = Debug|Any CPU
		{2F1F19B8-202C-4901-9386-BA8B23DC12B9}.Release|Any CPU.ActiveCfg = Release|Any CPU
		{2F1F19B8-202C-4901-9386-BA8B23DC12B9}.Release|Any CPU.Build.0 = Release|Any CPU
		{76E1AF2B-AE70-4904-94CD-233E6AF07255}.Debug|Any CPU.ActiveCfg = Debug|Any CPU
		{76E1AF2B-AE70-4904-94CD-233E6AF07255}.Debug|Any CPU.Build.0 = Debug|Any CPU
		{76E1AF2B-AE70-4904-94CD-233E6AF07255}.Release|Any CPU.ActiveCfg = Release|Any CPU
		{76E1AF2B-AE70-4904-94CD-233E6AF07255}.Release|Any CPU.Build.0 = Release|Any CPU
		{42EE5EB6-55CB-49F0-97D0-D928F7E3CAFD}.Debug|Any CPU.ActiveCfg = Debug|Any CPU
		{42EE5EB6-55CB-49F0-97D0-D928F7E3CAFD}.Debug|Any CPU.Build.0 = Debug|Any CPU
		{42EE5EB6-55CB-49F0-97D0-D928F7E3CAFD}.Release|Any CPU.ActiveCfg = Release|Any CPU
		{42EE5EB6-55CB-49F0-97D0-D928F7E3CAFD}.Release|Any CPU.Build.0 = Release|Any CPU
		{6A7548A8-D9BE-4400-87ED-85F3E05377DF}.Debug|Any CPU.ActiveCfg = Debug|Any CPU
		{6A7548A8-D9BE-4400-87ED-85F3E05377DF}.Debug|Any CPU.Build.0 = Debug|Any CPU
		{6A7548A8-D9BE-4400-87ED-85F3E05377DF}.Release|Any CPU.ActiveCfg = Release|Any CPU
		{6A7548A8-D9BE-4400-87ED-85F3E05377DF}.Release|Any CPU.Build.0 = Release|Any CPU
		{E4CE5CA0-9169-48EF-BB51-435861F8E884}.Debug|Any CPU.ActiveCfg = Debug|Any CPU
		{E4CE5CA0-9169-48EF-BB51-435861F8E884}.Debug|Any CPU.Build.0 = Debug|Any CPU
		{E4CE5CA0-9169-48EF-BB51-435861F8E884}.Release|Any CPU.ActiveCfg = Release|Any CPU
		{E4CE5CA0-9169-48EF-BB51-435861F8E884}.Release|Any CPU.Build.0 = Release|Any CPU
		{3C823343-7383-4ACC-B93A-432590655F9B}.Debug|Any CPU.ActiveCfg = Debug|Any CPU
		{3C823343-7383-4ACC-B93A-432590655F9B}.Debug|Any CPU.Build.0 = Debug|Any CPU
		{3C823343-7383-4ACC-B93A-432590655F9B}.Release|Any CPU.ActiveCfg = Release|Any CPU
		{3C823343-7383-4ACC-B93A-432590655F9B}.Release|Any CPU.Build.0 = Release|Any CPU
	EndGlobalSection
	GlobalSection(SolutionProperties) = preSolution
		HideSolutionNode = FALSE
	EndGlobalSection
EndGlobal
